
Microsoft Visual Studio Solution File, Format Version 12.00
# Visual Studio Version 17
VisualStudioVersion = 17.8.34330.188
MinimumVisualStudioVersion = 10.0.40219.1
Project("{FAE04EC0-301F-11D3-BF4B-00C04F79EFBC}") = "SoftmassTech", "SoftmassTech\SoftmassTech.csproj", "{D6107004-0243-41E1-8B6D-38555768C79B}"
EndProject
Global
	GlobalSection(SolutionConfigurationPlatforms) = preSolution
		Debug|Any CPU = Debug|Any CPU
		Release|Any CPU = Release|Any CPU
	EndGlobalSection
	GlobalSection(ProjectConfigurationPlatforms) = postSolution
		{D6107004-0243-41E1-8B6D-38555768C79B}.Debug|Any CPU.ActiveCfg = Debug|Any CPU
		{D6107004-0243-41E1-8B6D-38555768C79B}.Debug|Any CPU.Build.0 = Debug|Any CPU
		{D6107004-0243-41E1-8B6D-38555768C79B}.Release|Any CPU.ActiveCfg = Release|Any CPU
		{D6107004-0243-41E1-8B6D-38555768C79B}.Release|Any CPU.Build.0 = Release|Any CPU
	EndGlobalSection
	GlobalSection(SolutionProperties) = preSolution
		HideSolutionNode = FALSE
	EndGlobalSection
	GlobalSection(ExtensibilityGlobals) = postSolution
		SolutionGuid = {6B0F0961-1557-445C-B07C-B94138A69C73}
	EndGlobalSection
EndGlobal
